
Microsoft Visual Studio Solution File, Format Version 12.00
Project("{FAE04EC0-301F-11D3-BF4B-00C04F79EFBC}") = "InnerPeace", "InnerPeace\InnerPeace.csproj", "{3101536C-C4F3-4D4F-B8F4-7CC09120020B}"
EndProject
Global
	GlobalSection(SolutionConfigurationPlatforms) = preSolution
		Debug|Any CPU = Debug|Any CPU
		Release|Any CPU = Release|Any CPU
	EndGlobalSection
	GlobalSection(ProjectConfigurationPlatforms) = postSolution
		{3101536C-C4F3-4D4F-B8F4-7CC09120020B}.Debug|Any CPU.ActiveCfg = Debug|Any CPU
		{3101536C-C4F3-4D4F-B8F4-7CC09120020B}.Debug|Any CPU.Build.0 = Debug|Any CPU
		{3101536C-C4F3-4D4F-B8F4-7CC09120020B}.Release|Any CPU.ActiveCfg = Release|Any CPU
		{3101536C-C4F3-4D4F-B8F4-7CC09120020B}.Release|Any CPU.Build.0 = Release|Any CPU
	EndGlobalSection
EndGlobal
